
Microsoft Visual Studio Solution File, Format Version 11.00
# Visual Studio 2010
Project("{FAE04EC0-301F-11D3-BF4B-00C04F79EFBC}") = "Shape", "Shape\Shape.csproj", "{714CEA8F-F204-4DA8-820D-8A043BA94EA9}"
EndProject
Global
	GlobalSection(SolutionConfigurationPlatforms) = preSolution
		Debug|Any CPU = Debug|Any CPU
		Release|Any CPU = Release|Any CPU
	EndGlobalSection
	GlobalSection(ProjectConfigurationPlatforms) = postSolution
		{714CEA8F-F204-4DA8-820D-8A043BA94EA9}.Debug|Any CPU.ActiveCfg = Debug|Any CPU
		{714CEA8F-F204-4DA8-820D-8A043BA94EA9}.Debug|Any CPU.Build.0 = Debug|Any CPU
		{714CEA8F-F204-4DA8-820D-8A043BA94EA9}.Release|Any CPU.ActiveCfg = Release|Any CPU
		{714CEA8F-F204-4DA8-820D-8A043BA94EA9}.Release|Any CPU.Build.0 = Release|Any CPU
	EndGlobalSection
	GlobalSection(SolutionProperties) = preSolution
		HideSolutionNode = FALSE
	EndGlobalSection
EndGlobal
